// !$*UTF8*$!
{
	archiveVersion = 1;
	classes = {
	};
	objectVersion = 46;
	objects = {

/* Begin PBXBuildFile section */
		400C1F401ADA0A0D0065F830 /* LeftMenuViewController.xib in Resources */ = {isa = PBXBuildFile; fileRef = 400C1F3D1ADA0A0D0065F830 /* LeftMenuViewController.xib */; };
		400C1F411ADA0A0D0065F830 /* MapViewController.xib in Resources */ = {isa = PBXBuildFile; fileRef = 400C1F3E1ADA0A0D0065F830 /* MapViewController.xib */; };
		400C1F421ADA0A0D0065F830 /* MasterViewController.xib in Resources */ = {isa = PBXBuildFile; fileRef = 400C1F3F1ADA0A0D0065F830 /* MasterViewController.xib */; };
		400C1F481ADA38FA0065F830 /* BaiduMapAPI.framework in Frameworks */ = {isa = PBXBuildFile; fileRef = 400C1F471ADA38FA0065F830 /* BaiduMapAPI.framework */; };
		400C1F4A1ADA39930065F830 /* mapapi.bundle in Resources */ = {isa = PBXBuildFile; fileRef = 400C1F491ADA39930065F830 /* mapapi.bundle */; };
		402BEFF41ADA07FB00D86BAF /* CoreLocation.framework in Frameworks */ = {isa = PBXBuildFile; fileRef = 402BEFF31ADA07FB00D86BAF /* CoreLocation.framework */; };
		402BEFF61ADA080200D86BAF /* QuartzCore.framework in Frameworks */ = {isa = PBXBuildFile; fileRef = 402BEFF51ADA080200D86BAF /* QuartzCore.framework */; };
		402BEFF81ADA080900D86BAF /* OpenGLES.framework in Frameworks */ = {isa = PBXBuildFile; fileRef = 402BEFF71ADA080900D86BAF /* OpenGLES.framework */; };
		402BEFFA1ADA081300D86BAF /* SystemConfiguration.framework in Frameworks */ = {isa = PBXBuildFile; fileRef = 402BEFF91ADA081300D86BAF /* SystemConfiguration.framework */; };
		402BEFFC1ADA081900D86BAF /* CoreGraphics.framework in Frameworks */ = {isa = PBXBuildFile; fileRef = 402BEFFB1ADA081900D86BAF /* CoreGraphics.framework */; };
		402BEFFE1ADA082500D86BAF /* Security.framework in Frameworks */ = {isa = PBXBuildFile; fileRef = 402BEFFD1ADA082500D86BAF /* Security.framework */; };
		405406EB1AE48AA800CB2605 /* FindMyCarViewController.m in Sources */ = {isa = PBXBuildFile; fileRef = 405406E91AE48AA800CB2605 /* FindMyCarViewController.m */; };
		405406EC1AE48AA800CB2605 /* FindMyCarViewController.xib in Resources */ = {isa = PBXBuildFile; fileRef = 405406EA1AE48AA800CB2605 /* FindMyCarViewController.xib */; };
		845331081AD9DD0E00957647 /* main.m in Sources */ = {isa = PBXBuildFile; fileRef = 845331071AD9DD0E00957647 /* main.m */; };
		8453310B1AD9DD0E00957647 /* AppDelegate.mm in Sources */ = {isa = PBXBuildFile; fileRef = 8453310A1AD9DD0E00957647 /* AppDelegate.mm */; };
		8453310E1AD9DD0E00957647 /* ParkingShare.xcdatamodeld in Sources */ = {isa = PBXBuildFile; fileRef = 8453310C1AD9DD0E00957647 /* ParkingShare.xcdatamodeld */; };
		845331161AD9DD0E00957647 /* Images.xcassets in Resources */ = {isa = PBXBuildFile; fileRef = 845331151AD9DD0E00957647 /* Images.xcassets */; };
		845331191AD9DD0E00957647 /* LaunchScreen.xib in Resources */ = {isa = PBXBuildFile; fileRef = 845331171AD9DD0E00957647 /* LaunchScreen.xib */; };
		845331251AD9DD0E00957647 /* ParkingShareTests.m in Sources */ = {isa = PBXBuildFile; fileRef = 845331241AD9DD0E00957647 /* ParkingShareTests.m */; };
		845331731AD9E1EE00957647 /* CAAnimation+PKIdentifier.m in Sources */ = {isa = PBXBuildFile; fileRef = 845331591AD9E1EE00957647 /* CAAnimation+PKIdentifier.m */; };
		845331741AD9E1EE00957647 /* CALayer+PKConvenienceAnimations.m in Sources */ = {isa = PBXBuildFile; fileRef = 8453315B1AD9E1EE00957647 /* CALayer+PKConvenienceAnimations.m */; };
		845331751AD9E1EE00957647 /* NSObject+PKBlocks.m in Sources */ = {isa = PBXBuildFile; fileRef = 8453315D1AD9E1EE00957647 /* NSObject+PKBlocks.m */; };
		845331761AD9E1EE00957647 /* UIViewController+PKRevealController.m in Sources */ = {isa = PBXBuildFile; fileRef = 8453315F1AD9E1EE00957647 /* UIViewController+PKRevealController.m */; };
		845331771AD9E1EE00957647 /* PKRevealControllerView.m in Sources */ = {isa = PBXBuildFile; fileRef = 845331621AD9E1EE00957647 /* PKRevealControllerView.m */; };
		845331781AD9E1EE00957647 /* PKAnimation.m in Sources */ = {isa = PBXBuildFile; fileRef = 845331671AD9E1EE00957647 /* PKAnimation.m */; };
		845331791AD9E1EE00957647 /* PKLayerAnimator.m in Sources */ = {isa = PBXBuildFile; fileRef = 845331691AD9E1EE00957647 /* PKLayerAnimator.m */; };
		8453317A1AD9E1EE00957647 /* PKSequentialAnimation.m in Sources */ = {isa = PBXBuildFile; fileRef = 8453316B1AD9E1EE00957647 /* PKSequentialAnimation.m */; };
		8453317B1AD9E1EE00957647 /* PKLog.m in Sources */ = {isa = PBXBuildFile; fileRef = 8453316E1AD9E1EE00957647 /* PKLog.m */; };
		8453317C1AD9E1EE00957647 /* PKRevealController.m in Sources */ = {isa = PBXBuildFile; fileRef = 845331721AD9E1EE00957647 /* PKRevealController.m */; };
		8453318A1AD9E32E00957647 /* MapViewController.mm in Sources */ = {isa = PBXBuildFile; fileRef = 845331881AD9E32E00957647 /* MapViewController.mm */; };
		8453318D1AD9E44A00957647 /* MapKit.framework in Frameworks */ = {isa = PBXBuildFile; fileRef = 8453318C1AD9E44A00957647 /* MapKit.framework */; };
		845331961AD9F04000957647 /* MasterViewController.mm in Sources */ = {isa = PBXBuildFile; fileRef = 845331941AD9F04000957647 /* MasterViewController.mm */; };
		8453319B1AD9F52A00957647 /* LeftMenuViewController.mm in Sources */ = {isa = PBXBuildFile; fileRef = 845331991AD9F52A00957647 /* LeftMenuViewController.mm */; };
		8453319F1AD9FB2600957647 /* angela.jpeg in Resources */ = {isa = PBXBuildFile; fileRef = 8453319E1AD9FB2600957647 /* angela.jpeg */; };
		845331C51ADA497600957647 /* LocationHUDView.mm in Sources */ = {isa = PBXBuildFile; fileRef = 845331C11ADA497600957647 /* LocationHUDView.mm */; };
		845331C61ADA497600957647 /* LocationHUDView.xib in Resources */ = {isa = PBXBuildFile; fileRef = 845331C21ADA497600957647 /* LocationHUDView.xib */; };
		845331C71ADA497600957647 /* XibView.mm in Sources */ = {isa = PBXBuildFile; fileRef = 845331C41ADA497600957647 /* XibView.mm */; };
		845331CE1ADA498000957647 /* ParkingLotModel.mm in Sources */ = {isa = PBXBuildFile; fileRef = 845331C91ADA498000957647 /* ParkingLotModel.mm */; };
		845331CF1ADA498000957647 /* ReservationModel.mm in Sources */ = {isa = PBXBuildFile; fileRef = 845331CB1ADA498000957647 /* ReservationModel.mm */; };
		845331D01ADA498000957647 /* UserInfoModel.mm in Sources */ = {isa = PBXBuildFile; fileRef = 845331CD1ADA498000957647 /* UserInfoModel.mm */; };
		845331D31ADA49B100957647 /* RootViewController.m in Sources */ = {isa = PBXBuildFile; fileRef = 845331D21ADA49B100957647 /* RootViewController.m */; };
/* End PBXBuildFile section */

/* Begin PBXContainerItemProxy section */
		8453311F1AD9DD0E00957647 /* PBXContainerItemProxy */ = {
			isa = PBXContainerItemProxy;
			containerPortal = 845330FA1AD9DD0E00957647 /* Project object */;
			proxyType = 1;
			remoteGlobalIDString = 845331011AD9DD0E00957647;
			remoteInfo = ParkingShare;
		};
/* End PBXContainerItemProxy section */

/* Begin PBXFileReference section */
		400C1F3D1ADA0A0D0065F830 /* LeftMenuViewController.xib */ = {isa = PBXFileReference; fileEncoding = 4; lastKnownFileType = file.xib; name = LeftMenuViewController.xib; path = ParkingShare/Controllers/LeftMenuViewController.xib; sourceTree = SOURCE_ROOT; };
		400C1F3E1ADA0A0D0065F830 /* MapViewController.xib */ = {isa = PBXFileReference; fileEncoding = 4; lastKnownFileType = file.xib; name = MapViewController.xib; path = ParkingShare/Controllers/MapViewController.xib; sourceTree = SOURCE_ROOT; };
		400C1F3F1ADA0A0D0065F830 /* MasterViewController.xib */ = {isa = PBXFileReference; fileEncoding = 4; lastKnownFileType = file.xib; name = MasterViewController.xib; path = ParkingShare/Controllers/MasterViewController.xib; sourceTree = SOURCE_ROOT; };
		400C1F471ADA38FA0065F830 /* BaiduMapAPI.framework */ = {isa = PBXFileReference; lastKnownFileType = wrapper.framework; path = BaiduMapAPI.framework; sourceTree = "<group>"; };
		400C1F491ADA39930065F830 /* mapapi.bundle */ = {isa = PBXFileReference; lastKnownFileType = "wrapper.plug-in"; name = mapapi.bundle; path = BaiduMapAPI.framework/Resources/mapapi.bundle; sourceTree = "<group>"; };
		402BEFF31ADA07FB00D86BAF /* CoreLocation.framework */ = {isa = PBXFileReference; lastKnownFileType = wrapper.framework; name = CoreLocation.framework; path = System/Library/Frameworks/CoreLocation.framework; sourceTree = SDKROOT; };
		402BEFF51ADA080200D86BAF /* QuartzCore.framework */ = {isa = PBXFileReference; lastKnownFileType = wrapper.framework; name = QuartzCore.framework; path = System/Library/Frameworks/QuartzCore.framework; sourceTree = SDKROOT; };
		402BEFF71ADA080900D86BAF /* OpenGLES.framework */ = {isa = PBXFileReference; lastKnownFileType = wrapper.framework; name = OpenGLES.framework; path = System/Library/Frameworks/OpenGLES.framework; sourceTree = SDKROOT; };
		402BEFF91ADA081300D86BAF /* SystemConfiguration.framework */ = {isa = PBXFileReference; lastKnownFileType = wrapper.framework; name = SystemConfiguration.framework; path = System/Library/Frameworks/SystemConfiguration.framework; sourceTree = SDKROOT; };
		402BEFFB1ADA081900D86BAF /* CoreGraphics.framework */ = {isa = PBXFileReference; lastKnownFileType = wrapper.framework; name = CoreGraphics.framework; path = System/Library/Frameworks/CoreGraphics.framework; sourceTree = SDKROOT; };
		402BEFFD1ADA082500D86BAF /* Security.framework */ = {isa = PBXFileReference; lastKnownFileType = wrapper.framework; name = Security.framework; path = System/Library/Frameworks/Security.framework; sourceTree = SDKROOT; };
		405406E81AE48AA800CB2605 /* FindMyCarViewController.h */ = {isa = PBXFileReference; fileEncoding = 4; lastKnownFileType = sourcecode.c.h; path = FindMyCarViewController.h; sourceTree = "<group>"; };
		405406E91AE48AA800CB2605 /* FindMyCarViewController.m */ = {isa = PBXFileReference; fileEncoding = 4; lastKnownFileType = sourcecode.c.objc; path = FindMyCarViewController.m; sourceTree = "<group>"; };
		405406EA1AE48AA800CB2605 /* FindMyCarViewController.xib */ = {isa = PBXFileReference; fileEncoding = 4; lastKnownFileType = file.xib; path = FindMyCarViewController.xib; sourceTree = "<group>"; };
		845331021AD9DD0E00957647 /* ParkingShare.app */ = {isa = PBXFileReference; explicitFileType = wrapper.application; includeInIndex = 0; path = ParkingShare.app; sourceTree = BUILT_PRODUCTS_DIR; };
		845331061AD9DD0E00957647 /* Info.plist */ = {isa = PBXFileReference; lastKnownFileType = text.plist.xml; path = Info.plist; sourceTree = "<group>"; };
		845331071AD9DD0E00957647 /* main.m */ = {isa = PBXFileReference; lastKnownFileType = sourcecode.c.objc; path = main.m; sourceTree = "<group>"; };
		845331091AD9DD0E00957647 /* AppDelegate.h */ = {isa = PBXFileReference; lastKnownFileType = sourcecode.c.h; path = AppDelegate.h; sourceTree = "<group>"; };
		8453310A1AD9DD0E00957647 /* AppDelegate.mm */ = {isa = PBXFileReference; lastKnownFileType = sourcecode.cpp.objcpp; path = AppDelegate.mm; sourceTree = "<group>"; };
		8453310D1AD9DD0E00957647 /* ParkingShare.xcdatamodel */ = {isa = PBXFileReference; lastKnownFileType = wrapper.xcdatamodel; path = ParkingShare.xcdatamodel; sourceTree = "<group>"; };
		845331151AD9DD0E00957647 /* Images.xcassets */ = {isa = PBXFileReference; lastKnownFileType = folder.assetcatalog; path = Images.xcassets; sourceTree = "<group>"; };
		845331181AD9DD0E00957647 /* Base */ = {isa = PBXFileReference; lastKnownFileType = file.xib; name = Base; path = Base.lproj/LaunchScreen.xib; sourceTree = "<group>"; };
		8453311E1AD9DD0E00957647 /* ParkingShareTests.xctest */ = {isa = PBXFileReference; explicitFileType = wrapper.cfbundle; includeInIndex = 0; path = ParkingShareTests.xctest; sourceTree = BUILT_PRODUCTS_DIR; };
		845331231AD9DD0E00957647 /* Info.plist */ = {isa = PBXFileReference; lastKnownFileType = text.plist.xml; path = Info.plist; sourceTree = "<group>"; };
		845331241AD9DD0E00957647 /* ParkingShareTests.m */ = {isa = PBXFileReference; lastKnownFileType = sourcecode.c.objc; path = ParkingShareTests.m; sourceTree = "<group>"; };
		845331581AD9E1EE00957647 /* CAAnimation+PKIdentifier.h */ = {isa = PBXFileReference; fileEncoding = 4; lastKnownFileType = sourcecode.c.h; path = "CAAnimation+PKIdentifier.h"; sourceTree = "<group>"; };
		845331591AD9E1EE00957647 /* CAAnimation+PKIdentifier.m */ = {isa = PBXFileReference; fileEncoding = 4; lastKnownFileType = sourcecode.c.objc; path = "CAAnimation+PKIdentifier.m"; sourceTree = "<group>"; };
		8453315A1AD9E1EE00957647 /* CALayer+PKConvenienceAnimations.h */ = {isa = PBXFileReference; fileEncoding = 4; lastKnownFileType = sourcecode.c.h; path = "CALayer+PKConvenienceAnimations.h"; sourceTree = "<group>"; };
		8453315B1AD9E1EE00957647 /* CALayer+PKConvenienceAnimations.m */ = {isa = PBXFileReference; fileEncoding = 4; lastKnownFileType = sourcecode.c.objc; path = "CALayer+PKConvenienceAnimations.m"; sourceTree = "<group>"; };
		8453315C1AD9E1EE00957647 /* NSObject+PKBlocks.h */ = {isa = PBXFileReference; fileEncoding = 4; lastKnownFileType = sourcecode.c.h; path = "NSObject+PKBlocks.h"; sourceTree = "<group>"; };
		8453315D1AD9E1EE00957647 /* NSObject+PKBlocks.m */ = {isa = PBXFileReference; fileEncoding = 4; lastKnownFileType = sourcecode.c.objc; path = "NSObject+PKBlocks.m"; sourceTree = "<group>"; };
		8453315E1AD9E1EE00957647 /* UIViewController+PKRevealController.h */ = {isa = PBXFileReference; fileEncoding = 4; lastKnownFileType = sourcecode.c.h; path = "UIViewController+PKRevealController.h"; sourceTree = "<group>"; };
		8453315F1AD9E1EE00957647 /* UIViewController+PKRevealController.m */ = {isa = PBXFileReference; fileEncoding = 4; lastKnownFileType = sourcecode.c.objc; path = "UIViewController+PKRevealController.m"; sourceTree = "<group>"; };
		845331611AD9E1EE00957647 /* PKRevealControllerView.h */ = {isa = PBXFileReference; fileEncoding = 4; lastKnownFileType = sourcecode.c.h; path = PKRevealControllerView.h; sourceTree = "<group>"; };
		845331621AD9E1EE00957647 /* PKRevealControllerView.m */ = {isa = PBXFileReference; fileEncoding = 4; lastKnownFileType = sourcecode.c.objc; path = PKRevealControllerView.m; sourceTree = "<group>"; };
		845331651AD9E1EE00957647 /* PKAnimating.h */ = {isa = PBXFileReference; fileEncoding = 4; lastKnownFileType = sourcecode.c.h; path = PKAnimating.h; sourceTree = "<group>"; };
		845331661AD9E1EE00957647 /* PKAnimation.h */ = {isa = PBXFileReference; fileEncoding = 4; lastKnownFileType = sourcecode.c.h; path = PKAnimation.h; sourceTree = "<group>"; };
		845331671AD9E1EE00957647 /* PKAnimation.m */ = {isa = PBXFileReference; fileEncoding = 4; lastKnownFileType = sourcecode.c.objc; path = PKAnimation.m; sourceTree = "<group>"; };
		845331681AD9E1EE00957647 /* PKLayerAnimator.h */ = {isa = PBXFileReference; fileEncoding = 4; lastKnownFileType = sourcecode.c.h; path = PKLayerAnimator.h; sourceTree = "<group>"; };
		845331691AD9E1EE00957647 /* PKLayerAnimator.m */ = {isa = PBXFileReference; fileEncoding = 4; lastKnownFileType = sourcecode.c.objc; path = PKLayerAnimator.m; sourceTree = "<group>"; };
		8453316A1AD9E1EE00957647 /* PKSequentialAnimation.h */ = {isa = PBXFileReference; fileEncoding = 4; lastKnownFileType = sourcecode.c.h; path = PKSequentialAnimation.h; sourceTree = "<group>"; };
		8453316B1AD9E1EE00957647 /* PKSequentialAnimation.m */ = {isa = PBXFileReference; fileEncoding = 4; lastKnownFileType = sourcecode.c.objc; path = PKSequentialAnimation.m; sourceTree = "<group>"; };
		8453316D1AD9E1EE00957647 /* PKLog.h */ = {isa = PBXFileReference; fileEncoding = 4; lastKnownFileType = sourcecode.c.h; path = PKLog.h; sourceTree = "<group>"; };
		8453316E1AD9E1EE00957647 /* PKLog.m */ = {isa = PBXFileReference; fileEncoding = 4; lastKnownFileType = sourcecode.c.objc; path = PKLog.m; sourceTree = "<group>"; };
		845331701AD9E1EE00957647 /* PKRevealController-Prefix.pch */ = {isa = PBXFileReference; fileEncoding = 4; lastKnownFileType = sourcecode.c.h; path = "PKRevealController-Prefix.pch"; sourceTree = "<group>"; };
		845331711AD9E1EE00957647 /* PKRevealController.h */ = {isa = PBXFileReference; fileEncoding = 4; lastKnownFileType = sourcecode.c.h; path = PKRevealController.h; sourceTree = "<group>"; };
		845331721AD9E1EE00957647 /* PKRevealController.m */ = {isa = PBXFileReference; fileEncoding = 4; lastKnownFileType = sourcecode.c.objc; path = PKRevealController.m; sourceTree = "<group>"; };
		845331871AD9E32E00957647 /* MapViewController.h */ = {isa = PBXFileReference; fileEncoding = 4; lastKnownFileType = sourcecode.c.h; path = MapViewController.h; sourceTree = "<group>"; };
		845331881AD9E32E00957647 /* MapViewController.mm */ = {isa = PBXFileReference; fileEncoding = 4; lastKnownFileType = sourcecode.cpp.objcpp; path = MapViewController.mm; sourceTree = "<group>"; };
		8453318C1AD9E44A00957647 /* MapKit.framework */ = {isa = PBXFileReference; lastKnownFileType = wrapper.framework; name = MapKit.framework; path = System/Library/Frameworks/MapKit.framework; sourceTree = SDKROOT; };
		845331931AD9F04000957647 /* MasterViewController.h */ = {isa = PBXFileReference; fileEncoding = 4; lastKnownFileType = sourcecode.c.h; path = MasterViewController.h; sourceTree = "<group>"; };
		845331941AD9F04000957647 /* MasterViewController.mm */ = {isa = PBXFileReference; fileEncoding = 4; lastKnownFileType = sourcecode.cpp.objcpp; path = MasterViewController.mm; sourceTree = "<group>"; };
		845331981AD9F52A00957647 /* LeftMenuViewController.h */ = {isa = PBXFileReference; fileEncoding = 4; lastKnownFileType = sourcecode.c.h; path = LeftMenuViewController.h; sourceTree = "<group>"; };
		845331991AD9F52A00957647 /* LeftMenuViewController.mm */ = {isa = PBXFileReference; fileEncoding = 4; lastKnownFileType = sourcecode.cpp.objcpp; path = LeftMenuViewController.mm; sourceTree = "<group>"; };
		8453319E1AD9FB2600957647 /* angela.jpeg */ = {isa = PBXFileReference; lastKnownFileType = image.jpeg; path = angela.jpeg; sourceTree = "<group>"; };
		845331C01ADA497600957647 /* LocationHUDView.h */ = {isa = PBXFileReference; fileEncoding = 4; lastKnownFileType = sourcecode.c.h; name = LocationHUDView.h; path = ParkingShare/Views/LocationHUDView.h; sourceTree = SOURCE_ROOT; };
		845331C11ADA497600957647 /* LocationHUDView.mm */ = {isa = PBXFileReference; fileEncoding = 4; lastKnownFileType = sourcecode.cpp.objcpp; name = LocationHUDView.mm; path = ParkingShare/Views/LocationHUDView.mm; sourceTree = SOURCE_ROOT; };
		845331C21ADA497600957647 /* LocationHUDView.xib */ = {isa = PBXFileReference; fileEncoding = 4; lastKnownFileType = file.xib; name = LocationHUDView.xib; path = ParkingShare/Views/LocationHUDView.xib; sourceTree = SOURCE_ROOT; };
		845331C31ADA497600957647 /* XibView.h */ = {isa = PBXFileReference; fileEncoding = 4; lastKnownFileType = sourcecode.c.h; name = XibView.h; path = ParkingShare/Views/XibView.h; sourceTree = SOURCE_ROOT; };
		845331C41ADA497600957647 /* XibView.mm */ = {isa = PBXFileReference; fileEncoding = 4; lastKnownFileType = sourcecode.cpp.objcpp; name = XibView.mm; path = ParkingShare/Views/XibView.mm; sourceTree = SOURCE_ROOT; };
		845331C81ADA498000957647 /* ParkingLotModel.h */ = {isa = PBXFileReference; fileEncoding = 4; lastKnownFileType = sourcecode.c.h; name = ParkingLotModel.h; path = ParkingShare/Models/ParkingLotModel.h; sourceTree = SOURCE_ROOT; };
		845331C91ADA498000957647 /* ParkingLotModel.mm */ = {isa = PBXFileReference; fileEncoding = 4; lastKnownFileType = sourcecode.cpp.objcpp; name = ParkingLotModel.mm; path = ParkingShare/Models/ParkingLotModel.mm; sourceTree = SOURCE_ROOT; };
		845331CA1ADA498000957647 /* ReservationModel.h */ = {isa = PBXFileReference; fileEncoding = 4; lastKnownFileType = sourcecode.c.h; name = ReservationModel.h; path = ParkingShare/Models/ReservationModel.h; sourceTree = SOURCE_ROOT; };
		845331CB1ADA498000957647 /* ReservationModel.mm */ = {isa = PBXFileReference; fileEncoding = 4; lastKnownFileType = sourcecode.cpp.objcpp; name = ReservationModel.mm; path = ParkingShare/Models/ReservationModel.mm; sourceTree = SOURCE_ROOT; };
		845331CC1ADA498000957647 /* UserInfoModel.h */ = {isa = PBXFileReference; fileEncoding = 4; lastKnownFileType = sourcecode.c.h; name = UserInfoModel.h; path = ParkingShare/Models/UserInfoModel.h; sourceTree = SOURCE_ROOT; };
		845331CD1ADA498000957647 /* UserInfoModel.mm */ = {isa = PBXFileReference; fileEncoding = 4; lastKnownFileType = sourcecode.cpp.objcpp; name = UserInfoModel.mm; path = ParkingShare/Models/UserInfoModel.mm; sourceTree = SOURCE_ROOT; };
		845331D11ADA49B100957647 /* RootViewController.h */ = {isa = PBXFileReference; fileEncoding = 4; lastKnownFileType = sourcecode.c.h; path = RootViewController.h; sourceTree = "<group>"; };
		845331D21ADA49B100957647 /* RootViewController.m */ = {isa = PBXFileReference; fileEncoding = 4; lastKnownFileType = sourcecode.c.objc; path = RootViewController.m; sourceTree = "<group>"; };
/* End PBXFileReference section */

/* Begin PBXFrameworksBuildPhase section */
		845330FF1AD9DD0E00957647 /* Frameworks */ = {
			isa = PBXFrameworksBuildPhase;
			buildActionMask = 2147483647;
			files = (
				400C1F481ADA38FA0065F830 /* BaiduMapAPI.framework in Frameworks */,
				402BEFFE1ADA082500D86BAF /* Security.framework in Frameworks */,
				402BEFFC1ADA081900D86BAF /* CoreGraphics.framework in Frameworks */,
				402BEFFA1ADA081300D86BAF /* SystemConfiguration.framework in Frameworks */,
				402BEFF81ADA080900D86BAF /* OpenGLES.framework in Frameworks */,
				402BEFF61ADA080200D86BAF /* QuartzCore.framework in Frameworks */,
				402BEFF41ADA07FB00D86BAF /* CoreLocation.framework in Frameworks */,
				8453318D1AD9E44A00957647 /* MapKit.framework in Frameworks */,
			);
			runOnlyForDeploymentPostprocessing = 0;
		};
		8453311B1AD9DD0E00957647 /* Frameworks */ = {
			isa = PBXFrameworksBuildPhase;
			buildActionMask = 2147483647;
			files = (
			);
			runOnlyForDeploymentPostprocessing = 0;
		};
/* End PBXFrameworksBuildPhase section */

/* Begin PBXGroup section */
		845330F91AD9DD0E00957647 = {
			isa = PBXGroup;
			children = (
				400C1F491ADA39930065F830 /* mapapi.bundle */,
				400C1F471ADA38FA0065F830 /* BaiduMapAPI.framework */,
				402BEFFD1ADA082500D86BAF /* Security.framework */,
				402BEFFB1ADA081900D86BAF /* CoreGraphics.framework */,
				402BEFF91ADA081300D86BAF /* SystemConfiguration.framework */,
				402BEFF71ADA080900D86BAF /* OpenGLES.framework */,
				402BEFF51ADA080200D86BAF /* QuartzCore.framework */,
				402BEFF31ADA07FB00D86BAF /* CoreLocation.framework */,
				8453318C1AD9E44A00957647 /* MapKit.framework */,
				845331041AD9DD0E00957647 /* ParkingShare */,
				845331211AD9DD0E00957647 /* ParkingShareTests */,
				845331031AD9DD0E00957647 /* Products */,
			);
			sourceTree = "<group>";
		};
		845331031AD9DD0E00957647 /* Products */ = {
			isa = PBXGroup;
			children = (
				845331021AD9DD0E00957647 /* ParkingShare.app */,
				8453311E1AD9DD0E00957647 /* ParkingShareTests.xctest */,
			);
			name = Products;
			sourceTree = "<group>";
		};
		845331041AD9DD0E00957647 /* ParkingShare */ = {
			isa = PBXGroup;
			children = (
				8453319D1AD9FB2600957647 /* Resources */,
				845331841AD9E2B300957647 /* Xibs */,
				845331831AD9E27900957647 /* Controllers */,
				845331801AD9E20400957647 /* Model */,
				845331811AD9E20400957647 /* View */,
				845331551AD9E1EE00957647 /* ThirdParty */,
				845331091AD9DD0E00957647 /* AppDelegate.h */,
				8453310A1AD9DD0E00957647 /* AppDelegate.mm */,
				845331151AD9DD0E00957647 /* Images.xcassets */,
				845331171AD9DD0E00957647 /* LaunchScreen.xib */,
				8453310C1AD9DD0E00957647 /* ParkingShare.xcdatamodeld */,
				845331051AD9DD0E00957647 /* Supporting Files */,
			);
			path = ParkingShare;
			sourceTree = "<group>";
		};
		845331051AD9DD0E00957647 /* Supporting Files */ = {
			isa = PBXGroup;
			children = (
				845331061AD9DD0E00957647 /* Info.plist */,
				845331071AD9DD0E00957647 /* main.m */,
			);
			name = "Supporting Files";
			sourceTree = "<group>";
		};
		845331211AD9DD0E00957647 /* ParkingShareTests */ = {
			isa = PBXGroup;
			children = (
				845331241AD9DD0E00957647 /* ParkingShareTests.m */,
				845331221AD9DD0E00957647 /* Supporting Files */,
			);
			path = ParkingShareTests;
			sourceTree = "<group>";
		};
		845331221AD9DD0E00957647 /* Supporting Files */ = {
			isa = PBXGroup;
			children = (
				845331231AD9DD0E00957647 /* Info.plist */,
			);
			name = "Supporting Files";
			sourceTree = "<group>";
		};
		845331551AD9E1EE00957647 /* ThirdParty */ = {
			isa = PBXGroup;
			children = (
				845331561AD9E1EE00957647 /* PKRevealController */,
			);
			path = ThirdParty;
			sourceTree = "<group>";
		};
		845331561AD9E1EE00957647 /* PKRevealController */ = {
			isa = PBXGroup;
			children = (
				845331571AD9E1EE00957647 /* Categories */,
				845331601AD9E1EE00957647 /* Classes */,
				845331631AD9E1EE00957647 /* Modules */,
				8453316F1AD9E1EE00957647 /* Other Sources */,
				845331711AD9E1EE00957647 /* PKRevealController.h */,
				845331721AD9E1EE00957647 /* PKRevealController.m */,
			);
			path = PKRevealController;
			sourceTree = "<group>";
		};
		845331571AD9E1EE00957647 /* Categories */ = {
			isa = PBXGroup;
			children = (
				845331581AD9E1EE00957647 /* CAAnimation+PKIdentifier.h */,
				845331591AD9E1EE00957647 /* CAAnimation+PKIdentifier.m */,
				8453315A1AD9E1EE00957647 /* CALayer+PKConvenienceAnimations.h */,
				8453315B1AD9E1EE00957647 /* CALayer+PKConvenienceAnimations.m */,
				8453315C1AD9E1EE00957647 /* NSObject+PKBlocks.h */,
				8453315D1AD9E1EE00957647 /* NSObject+PKBlocks.m */,
				8453315E1AD9E1EE00957647 /* UIViewController+PKRevealController.h */,
				8453315F1AD9E1EE00957647 /* UIViewController+PKRevealController.m */,
			);
			path = Categories;
			sourceTree = "<group>";
		};
		845331601AD9E1EE00957647 /* Classes */ = {
			isa = PBXGroup;
			children = (
				845331611AD9E1EE00957647 /* PKRevealControllerView.h */,
				845331621AD9E1EE00957647 /* PKRevealControllerView.m */,
			);
			path = Classes;
			sourceTree = "<group>";
		};
		845331631AD9E1EE00957647 /* Modules */ = {
			isa = PBXGroup;
			children = (
				845331641AD9E1EE00957647 /* PKLayerAnimator */,
				8453316C1AD9E1EE00957647 /* PKLog */,
			);
			path = Modules;
			sourceTree = "<group>";
		};
		845331641AD9E1EE00957647 /* PKLayerAnimator */ = {
			isa = PBXGroup;
			children = (
				845331651AD9E1EE00957647 /* PKAnimating.h */,
				845331661AD9E1EE00957647 /* PKAnimation.h */,
				845331671AD9E1EE00957647 /* PKAnimation.m */,
				845331681AD9E1EE00957647 /* PKLayerAnimator.h */,
				845331691AD9E1EE00957647 /* PKLayerAnimator.m */,
				8453316A1AD9E1EE00957647 /* PKSequentialAnimation.h */,
				8453316B1AD9E1EE00957647 /* PKSequentialAnimation.m */,
			);
			path = PKLayerAnimator;
			sourceTree = "<group>";
		};
		8453316C1AD9E1EE00957647 /* PKLog */ = {
			isa = PBXGroup;
			children = (
				8453316D1AD9E1EE00957647 /* PKLog.h */,
				8453316E1AD9E1EE00957647 /* PKLog.m */,
			);
			path = PKLog;
			sourceTree = "<group>";
		};
		8453316F1AD9E1EE00957647 /* Other Sources */ = {
			isa = PBXGroup;
			children = (
				845331701AD9E1EE00957647 /* PKRevealController-Prefix.pch */,
			);
			path = "Other Sources";
			sourceTree = "<group>";
		};
		845331801AD9E20400957647 /* Model */ = {
			isa = PBXGroup;
			children = (
				845331C81ADA498000957647 /* ParkingLotModel.h */,
				845331C91ADA498000957647 /* ParkingLotModel.mm */,
				845331CA1ADA498000957647 /* ReservationModel.h */,
				845331CB1ADA498000957647 /* ReservationModel.mm */,
				845331CC1ADA498000957647 /* UserInfoModel.h */,
				845331CD1ADA498000957647 /* UserInfoModel.mm */,
			);
			path = Model;
			sourceTree = "<group>";
		};
		845331811AD9E20400957647 /* View */ = {
			isa = PBXGroup;
			children = (
				845331C01ADA497600957647 /* LocationHUDView.h */,
				845331C11ADA497600957647 /* LocationHUDView.mm */,
				845331C21ADA497600957647 /* LocationHUDView.xib */,
				845331C31ADA497600957647 /* XibView.h */,
				845331C41ADA497600957647 /* XibView.mm */,
			);
			path = View;
			sourceTree = "<group>";
		};
		845331831AD9E27900957647 /* Controllers */ = {
			isa = PBXGroup;
			children = (
				405406EA1AE48AA800CB2605 /* FindMyCarViewController.xib */,
				845331D11ADA49B100957647 /* RootViewController.h */,
				845331D21ADA49B100957647 /* RootViewController.m */,
				845331871AD9E32E00957647 /* MapViewController.h */,
				845331881AD9E32E00957647 /* MapViewController.mm */,
				845331931AD9F04000957647 /* MasterViewController.h */,
				845331941AD9F04000957647 /* MasterViewController.mm */,
				845331981AD9F52A00957647 /* LeftMenuViewController.h */,
				845331991AD9F52A00957647 /* LeftMenuViewController.mm */,
				405406E81AE48AA800CB2605 /* FindMyCarViewController.h */,
				405406E91AE48AA800CB2605 /* FindMyCarViewController.m */,
			);
			path = Controllers;
			sourceTree = "<group>";
		};
		845331841AD9E2B300957647 /* Xibs */ = {
			isa = PBXGroup;
			children = (
				400C1F3D1ADA0A0D0065F830 /* LeftMenuViewController.xib */,
				400C1F3E1ADA0A0D0065F830 /* MapViewController.xib */,
				400C1F3F1ADA0A0D0065F830 /* MasterViewController.xib */,
			);
			path = Xibs;
			sourceTree = "<group>";
		};
		8453319D1AD9FB2600957647 /* Resources */ = {
			isa = PBXGroup;
			children = (
				8453319E1AD9FB2600957647 /* angela.jpeg */,
			);
			path = Resources;
			sourceTree = "<group>";
		};
/* End PBXGroup section */

/* Begin PBXNativeTarget section */
		845331011AD9DD0E00957647 /* ParkingShare */ = {
			isa = PBXNativeTarget;
			buildConfigurationList = 845331281AD9DD0E00957647 /* Build configuration list for PBXNativeTarget "ParkingShare" */;
			buildPhases = (
				845330FE1AD9DD0E00957647 /* Sources */,
				845330FF1AD9DD0E00957647 /* Frameworks */,
				845331001AD9DD0E00957647 /* Resources */,
			);
			buildRules = (
			);
			dependencies = (
			);
			name = ParkingShare;
			productName = ParkingShare;
			productReference = 845331021AD9DD0E00957647 /* ParkingShare.app */;
			productType = "com.apple.product-type.application";
		};
		8453311D1AD9DD0E00957647 /* ParkingShareTests */ = {
			isa = PBXNativeTarget;
			buildConfigurationList = 8453312B1AD9DD0E00957647 /* Build configuration list for PBXNativeTarget "ParkingShareTests" */;
			buildPhases = (
				8453311A1AD9DD0E00957647 /* Sources */,
				8453311B1AD9DD0E00957647 /* Frameworks */,
				8453311C1AD9DD0E00957647 /* Resources */,
			);
			buildRules = (
			);
			dependencies = (
				845331201AD9DD0E00957647 /* PBXTargetDependency */,
			);
			name = ParkingShareTests;
			productName = ParkingShareTests;
			productReference = 8453311E1AD9DD0E00957647 /* ParkingShareTests.xctest */;
			productType = "com.apple.product-type.bundle.unit-test";
		};
/* End PBXNativeTarget section */

/* Begin PBXProject section */
		845330FA1AD9DD0E00957647 /* Project object */ = {
			isa = PBXProject;
			attributes = {
				LastUpgradeCheck = 0610;
				ORGANIZATIONNAME = "Qing Sun";
				TargetAttributes = {
					845331011AD9DD0E00957647 = {
						CreatedOnToolsVersion = 6.1.1;
					};
					8453311D1AD9DD0E00957647 = {
						CreatedOnToolsVersion = 6.1.1;
						TestTargetID = 845331011AD9DD0E00957647;
					};
				};
			};
			buildConfigurationList = 845330FD1AD9DD0E00957647 /* Build configuration list for PBXProject "ParkingShare" */;
			compatibilityVersion = "Xcode 3.2";
			developmentRegion = English;
			hasScannedForEncodings = 0;
			knownRegions = (
				en,
				Base,
			);
			mainGroup = 845330F91AD9DD0E00957647;
			productRefGroup = 845331031AD9DD0E00957647 /* Products */;
			projectDirPath = "";
			projectRoot = "";
			targets = (
				845331011AD9DD0E00957647 /* ParkingShare */,
				8453311D1AD9DD0E00957647 /* ParkingShareTests */,
			);
		};
/* End PBXProject section */

/* Begin PBXResourcesBuildPhase section */
		845331001AD9DD0E00957647 /* Resources */ = {
			isa = PBXResourcesBuildPhase;
			buildActionMask = 2147483647;
			files = (
				845331191AD9DD0E00957647 /* LaunchScreen.xib in Resources */,
				845331C61ADA497600957647 /* LocationHUDView.xib in Resources */,
				400C1F411ADA0A0D0065F830 /* MapViewController.xib in Resources */,
				400C1F421ADA0A0D0065F830 /* MasterViewController.xib in Resources */,
				845331161AD9DD0E00957647 /* Images.xcassets in Resources */,
				8453319F1AD9FB2600957647 /* angela.jpeg in Resources */,
				405406EC1AE48AA800CB2605 /* FindMyCarViewController.xib in Resources */,
				400C1F401ADA0A0D0065F830 /* LeftMenuViewController.xib in Resources */,
				400C1F4A1ADA39930065F830 /* mapapi.bundle in Resources */,
			);
			runOnlyForDeploymentPostprocessing = 0;
		};
		8453311C1AD9DD0E00957647 /* Resources */ = {
			isa = PBXResourcesBuildPhase;
			buildActionMask = 2147483647;
			files = (
			);
			runOnlyForDeploymentPostprocessing = 0;
		};
/* End PBXResourcesBuildPhase section */

/* Begin PBXSourcesBuildPhase section */
		845330FE1AD9DD0E00957647 /* Sources */ = {
			isa = PBXSourcesBuildPhase;
			buildActionMask = 2147483647;
			files = (
				845331C71ADA497600957647 /* XibView.mm in Sources */,
				845331751AD9E1EE00957647 /* NSObject+PKBlocks.m in Sources */,
				845331C51ADA497600957647 /* LocationHUDView.mm in Sources */,
				8453310E1AD9DD0E00957647 /* ParkingShare.xcdatamodeld in Sources */,
				8453319B1AD9F52A00957647 /* LeftMenuViewController.mm in Sources */,
				845331761AD9E1EE00957647 /* UIViewController+PKRevealController.m in Sources */,
				8453317B1AD9E1EE00957647 /* PKLog.m in Sources */,
				405406EB1AE48AA800CB2605 /* FindMyCarViewController.m in Sources */,
				845331781AD9E1EE00957647 /* PKAnimation.m in Sources */,
				845331D01ADA498000957647 /* UserInfoModel.mm in Sources */,
				845331CF1ADA498000957647 /* ReservationModel.mm in Sources */,
				8453317A1AD9E1EE00957647 /* PKSequentialAnimation.m in Sources */,
				8453310B1AD9DD0E00957647 /* AppDelegate.mm in Sources */,
				845331961AD9F04000957647 /* MasterViewController.mm in Sources */,
				845331771AD9E1EE00957647 /* PKRevealControllerView.m in Sources */,
				845331741AD9E1EE00957647 /* CALayer+PKConvenienceAnimations.m in Sources */,
				845331791AD9E1EE00957647 /* PKLayerAnimator.m in Sources */,
				8453317C1AD9E1EE00957647 /* PKRevealController.m in Sources */,
				845331731AD9E1EE00957647 /* CAAnimation+PKIdentifier.m in Sources */,
				845331D31ADA49B100957647 /* RootViewController.m in Sources */,
				845331081AD9DD0E00957647 /* main.m in Sources */,
				8453318A1AD9E32E00957647 /* MapViewController.mm in Sources */,
				845331CE1ADA498000957647 /* ParkingLotModel.mm in Sources */,
			);
			runOnlyForDeploymentPostprocessing = 0;
		};
		8453311A1AD9DD0E00957647 /* Sources */ = {
			isa = PBXSourcesBuildPhase;
			buildActionMask = 2147483647;
			files = (
				845331251AD9DD0E00957647 /* ParkingShareTests.m in Sources */,
			);
			runOnlyForDeploymentPostprocessing = 0;
		};
/* End PBXSourcesBuildPhase section */

/* Begin PBXTargetDependency section */
		845331201AD9DD0E00957647 /* PBXTargetDependency */ = {
			isa = PBXTargetDependency;
			target = 845331011AD9DD0E00957647 /* ParkingShare */;
			targetProxy = 8453311F1AD9DD0E00957647 /* PBXContainerItemProxy */;
		};
/* End PBXTargetDependency section */

/* Begin PBXVariantGroup section */
		845331171AD9DD0E00957647 /* LaunchScreen.xib */ = {
			isa = PBXVariantGroup;
			children = (
				845331181AD9DD0E00957647 /* Base */,
			);
			name = LaunchScreen.xib;
			sourceTree = "<group>";
		};
/* End PBXVariantGroup section */

/* Begin XCBuildConfiguration section */
		845331261AD9DD0E00957647 /* Debug */ = {
			isa = XCBuildConfiguration;
			buildSettings = {
				ALWAYS_SEARCH_USER_PATHS = NO;
				CLANG_CXX_LANGUAGE_STANDARD = "c++0x";
				CLANG_CXX_LIBRARY = "libc++";
				CLANG_ENABLE_MODULES = YES;
				CLANG_ENABLE_OBJC_ARC = YES;
				CLANG_WARN_BOOL_CONVERSION = YES;
				CLANG_WARN_CONSTANT_CONVERSION = YES;
				CLANG_WARN_DIRECT_OBJC_ISA_USAGE = YES_ERROR;
				CLANG_WARN_EMPTY_BODY = YES;
				CLANG_WARN_ENUM_CONVERSION = YES;
				CLANG_WARN_INT_CONVERSION = YES;
				CLANG_WARN_OBJC_ROOT_CLASS = YES_ERROR;
				CLANG_WARN_UNREACHABLE_CODE = YES;
				CLANG_WARN__DUPLICATE_METHOD_MATCH = YES;
				"CODE_SIGN_IDENTITY[sdk=iphoneos*]" = "iPhone Developer";
				COPY_PHASE_STRIP = NO;
				ENABLE_STRICT_OBJC_MSGSEND = YES;
				GCC_C_LANGUAGE_STANDARD = c11;
				GCC_DYNAMIC_NO_PIC = NO;
				GCC_OPTIMIZATION_LEVEL = 0;
				GCC_PREPROCESSOR_DEFINITIONS = (
					"DEBUG=1",
					"$(inherited)",
				);
				GCC_SYMBOLS_PRIVATE_EXTERN = NO;
				GCC_WARN_64_TO_32_BIT_CONVERSION = YES;
				GCC_WARN_ABOUT_RETURN_TYPE = YES_ERROR;
				GCC_WARN_UNDECLARED_SELECTOR = YES;
				GCC_WARN_UNINITIALIZED_AUTOS = YES_AGGRESSIVE;
				GCC_WARN_UNUSED_FUNCTION = YES;
				GCC_WARN_UNUSED_VARIABLE = YES;
				IPHONEOS_DEPLOYMENT_TARGET = 8.0;
				MTL_ENABLE_DEBUG_INFO = YES;
				ONLY_ACTIVE_ARCH = YES;
				OTHER_LDFLAGS = "-ObjC";
				SDKROOT = iphoneos;
			};
			name = Debug;
		};
		845331271AD9DD0E00957647 /* Release */ = {
			isa = XCBuildConfiguration;
			buildSettings = {
				ALWAYS_SEARCH_USER_PATHS = NO;
				CLANG_CXX_LANGUAGE_STANDARD = "c++0x";
				CLANG_CXX_LIBRARY = "libc++";
				CLANG_ENABLE_MODULES = YES;
				CLANG_ENABLE_OBJC_ARC = YES;
				CLANG_WARN_BOOL_CONVERSION = YES;
				CLANG_WARN_CONSTANT_CONVERSION = YES;
				CLANG_WARN_DIRECT_OBJC_ISA_USAGE = YES_ERROR;
				CLANG_WARN_EMPTY_BODY = YES;
				CLANG_WARN_ENUM_CONVERSION = YES;
				CLANG_WARN_INT_CONVERSION = YES;
				CLANG_WARN_OBJC_ROOT_CLASS = YES_ERROR;
				CLANG_WARN_UNREACHABLE_CODE = YES;
				CLANG_WARN__DUPLICATE_METHOD_MATCH = YES;
				"CODE_SIGN_IDENTITY[sdk=iphoneos*]" = "iPhone Developer";
				COPY_PHASE_STRIP = YES;
				ENABLE_NS_ASSERTIONS = NO;
				ENABLE_STRICT_OBJC_MSGSEND = YES;
				GCC_C_LANGUAGE_STANDARD = c11;
				GCC_WARN_64_TO_32_BIT_CONVERSION = YES;
				GCC_WARN_ABOUT_RETURN_TYPE = YES_ERROR;
				GCC_WARN_UNDECLARED_SELECTOR = YES;
				GCC_WARN_UNINITIALIZED_AUTOS = YES_AGGRESSIVE;
				GCC_WARN_UNUSED_FUNCTION = YES;
				GCC_WARN_UNUSED_VARIABLE = YES;
				IPHONEOS_DEPLOYMENT_TARGET = 8.0;
				MTL_ENABLE_DEBUG_INFO = NO;
				OTHER_LDFLAGS = "-ObjC";
				SDKROOT = iphoneos;
				VALIDATE_PRODUCT = YES;
			};
			name = Release;
		};
		845331291AD9DD0E00957647 /* Debug */ = {
			isa = XCBuildConfiguration;
			buildSettings = {
				ASSETCATALOG_COMPILER_APPICON_NAME = AppIcon;
				CLANG_CXX_LANGUAGE_STANDARD = "c++0x";
				FRAMEWORK_SEARCH_PATHS = (
					"$(inherited)",
					"/Users/xindlin/Downloads/BaiduMap_IOSSDK_Framework/BaiduMap_IOSSDK_v2.7.0_Lib/Release-iphoneos",
					"$(PROJECT_DIR)",
				);
				GCC_C_LANGUAGE_STANDARD = c11;
				INFOPLIST_FILE = ParkingShare/Info.plist;
				LD_RUNPATH_SEARCH_PATHS = "$(inherited) @executable_path/Frameworks";
				LIBRARY_SEARCH_PATHS = (
					"$(inherited)",
					"$(PROJECT_DIR)/ParkingShare/ThirdParty",
				);
				PRODUCT_NAME = "$(TARGET_NAME)";
			};
			name = Debug;
		};
		8453312A1AD9DD0E00957647 /* Release */ = {
			isa = XCBuildConfiguration;
			buildSettings = {
				ASSETCATALOG_COMPILER_APPICON_NAME = AppIcon;
				CLANG_CXX_LANGUAGE_STANDARD = "c++0x";
				FRAMEWORK_SEARCH_PATHS = (
					"$(inherited)",
					"/Users/xindlin/Downloads/BaiduMap_IOSSDK_Framework/BaiduMap_IOSSDK_v2.7.0_Lib/Release-iphoneos",
					"$(PROJECT_DIR)",
				);
				GCC_C_LANGUAGE_STANDARD = c11;
				INFOPLIST_FILE = ParkingShare/Info.plist;
				LD_RUNPATH_SEARCH_PATHS = "$(inherited) @executable_path/Frameworks";
				LIBRARY_SEARCH_PATHS = (
					"$(inherited)",
					"$(PROJECT_DIR)/ParkingShare/ThirdParty",
				);
				PRODUCT_NAME = "$(TARGET_NAME)";
			};
			name = Release;
		};
		8453312C1AD9DD0E00957647 /* Debug */ = {
			isa = XCBuildConfiguration;
			buildSettings = {
				BUNDLE_LOADER = "$(TEST_HOST)";
				FRAMEWORK_SEARCH_PATHS = (
					"$(SDKROOT)/Developer/Library/Frameworks",
					"$(inherited)",
				);
				GCC_PREPROCESSOR_DEFINITIONS = (
					"DEBUG=1",
					"$(inherited)",
				);
				INFOPLIST_FILE = ParkingShareTests/Info.plist;
				LD_RUNPATH_SEARCH_PATHS = "$(inherited) @executable_path/Frameworks @loader_path/Frameworks";
				PRODUCT_NAME = "$(TARGET_NAME)";
				TEST_HOST = "$(BUILT_PRODUCTS_DIR)/ParkingShare.app/ParkingShare";
			};
			name = Debug;
		};
		8453312D1AD9DD0E00957647 /* Release */ = {
			isa = XCBuildConfiguration;
			buildSettings = {
				BUNDLE_LOADER = "$(TEST_HOST)";
				FRAMEWORK_SEARCH_PATHS = (
					"$(SDKROOT)/Developer/Library/Frameworks",
					"$(inherited)",
				);
				INFOPLIST_FILE = ParkingShareTests/Info.plist;
				LD_RUNPATH_SEARCH_PATHS = "$(inherited) @executable_path/Frameworks @loader_path/Frameworks";
				PRODUCT_NAME = "$(TARGET_NAME)";
				TEST_HOST = "$(BUILT_PRODUCTS_DIR)/ParkingShare.app/ParkingShare";
			};
			name = Release;
		};
/* End XCBuildConfiguration section */

/* Begin XCConfigurationList section */
		845330FD1AD9DD0E00957647 /* Build configuration list for PBXProject "ParkingShare" */ = {
			isa = XCConfigurationList;
			buildConfigurations = (
				845331261AD9DD0E00957647 /* Debug */,
				845331271AD9DD0E00957647 /* Release */,
			);
			defaultConfigurationIsVisible = 0;
			defaultConfigurationName = Release;
		};
		845331281AD9DD0E00957647 /* Build configuration list for PBXNativeTarget "ParkingShare" */ = {
			isa = XCConfigurationList;
			buildConfigurations = (
				845331291AD9DD0E00957647 /* Debug */,
				8453312A1AD9DD0E00957647 /* Release */,
			);
			defaultConfigurationIsVisible = 0;
			defaultConfigurationName = Release;
		};
		8453312B1AD9DD0E00957647 /* Build configuration list for PBXNativeTarget "ParkingShareTests" */ = {
			isa = XCConfigurationList;
			buildConfigurations = (
				8453312C1AD9DD0E00957647 /* Debug */,
				8453312D1AD9DD0E00957647 /* Release */,
			);
			defaultConfigurationIsVisible = 0;
			defaultConfigurationName = Release;
		};
/* End XCConfigurationList section */

/* Begin XCVersionGroup section */
		8453310C1AD9DD0E00957647 /* ParkingShare.xcdatamodeld */ = {
			isa = XCVersionGroup;
			children = (
				8453310D1AD9DD0E00957647 /* ParkingShare.xcdatamodel */,
			);
			currentVersion = 8453310D1AD9DD0E00957647 /* ParkingShare.xcdatamodel */;
			path = ParkingShare.xcdatamodeld;
			sourceTree = "<group>";
			versionGroupType = wrapper.xcdatamodel;
		};
/* End XCVersionGroup section */
	};
	rootObject = 845330FA1AD9DD0E00957647 /* Project object */;
}
